
Microsoft Visual Studio Solution File, Format Version 12.00
# Visual Studio Version 17
VisualStudioVersion = 17.3.32811.315
MinimumVisualStudioVersion = 10.0.40219.1
Project("{FAE04EC0-301F-11D3-BF4B-00C04F79EFBC}") = "Golden Pot", "Golden Pot\Golden Pot.csproj", "{DCB62CFB-2958-4857-834F-DCA2DE3C633E}"
EndProject
Global
	GlobalSection(SolutionConfigurationPlatforms) = preSolution
		Debug|Any CPU = Debug|Any CPU
		Release|Any CPU = Release|Any CPU
	EndGlobalSection
	GlobalSection(ProjectConfigurationPlatforms) = postSolution
		{DCB62CFB-2958-4857-834F-DCA2DE3C633E}.Debug|Any CPU.ActiveCfg = Debug|Any CPU
		{DCB62CFB-2958-4857-834F-DCA2DE3C633E}.Debug|Any CPU.Build.0 = Debug|Any CPU
		{DCB62CFB-2958-4857-834F-DCA2DE3C633E}.Release|Any CPU.ActiveCfg = Release|Any CPU
		{DCB62CFB-2958-4857-834F-DCA2DE3C633E}.Release|Any CPU.Build.0 = Release|Any CPU
	EndGlobalSection
	GlobalSection(SolutionProperties) = preSolution
		HideSolutionNode = FALSE
	EndGlobalSection
	GlobalSection(ExtensibilityGlobals) = postSolution
		SolutionGuid = {453571F2-A3DA-4B74-A114-72741A7A42C6}
	EndGlobalSection
EndGlobal
